Microsoft Visual Studio Solution File, Format Version 12.00
# Visual Studio Version 17
VisualStudioVersion = 17.5.2.0
MinimumVisualStudioVersion = 10.0.40219.1
Project("{FAE04EC0-301F-11D3-BF4B-00C04F79EFBC}") = "Soma2numeros", "Soma2numeros.csproj", "{773D1A9E-5021-E42C-4A41-C62248CC5B07}"
EndProject
Global
	GlobalSection(SolutionConfigurationPlatforms) = preSolution
		Debug|Any CPU = Debug|Any CPU
		Release|Any CPU = Release|Any CPU
	EndGlobalSection
	GlobalSection(ProjectConfigurationPlatforms) = postSolution
		{773D1A9E-5021-E42C-4A41-C62248CC5B07}.Debug|Any CPU.ActiveCfg = Debug|Any CPU
		{773D1A9E-5021-E42C-4A41-C62248CC5B07}.Debug|Any CPU.Build.0 = Debug|Any CPU
		{773D1A9E-5021-E42C-4A41-C62248CC5B07}.Release|Any CPU.ActiveCfg = Release|Any CPU
		{773D1A9E-5021-E42C-4A41-C62248CC5B07}.Release|Any CPU.Build.0 = Release|Any CPU
	EndGlobalSection
	GlobalSection(SolutionProperties) = preSolution
		HideSolutionNode = FALSE
	EndGlobalSection
	GlobalSection(ExtensibilityGlobals) = postSolution
		SolutionGuid = {D10EE6FB-3E8C-4155-8C3C-11FACC58547D}
	EndGlobalSection
EndGlobal
